
Microsoft Visual Studio Solution File, Format Version 12.00
# Visual Studio Version 17
VisualStudioVersion = 17.3.32804.467
MinimumVisualStudioVersion = 10.0.40219.1
Project("{FAE04EC0-301F-11D3-BF4B-00C04F79EFBC}") = "BoostHumanResourcesProject", "BoostHumanResourcesProject\BoostHumanResourcesProject.csproj", "{9FFB7723-7044-4A39-B326-454CFFC0069A}"
EndProject
Global
	GlobalSection(SolutionConfigurationPlatforms) = preSolution
		Debug|Any CPU = Debug|Any CPU
		Release|Any CPU = Release|Any CPU
	EndGlobalSection
	GlobalSection(ProjectConfigurationPlatforms) = postSolution
		{9FFB7723-7044-4A39-B326-454CFFC0069A}.Debug|Any CPU.ActiveCfg = Debug|Any CPU
		{9FFB7723-7044-4A39-B326-454CFFC0069A}.Debug|Any CPU.Build.0 = Debug|Any CPU
		{9FFB7723-7044-4A39-B326-454CFFC0069A}.Release|Any CPU.ActiveCfg = Release|Any CPU
		{9FFB7723-7044-4A39-B326-454CFFC0069A}.Release|Any CPU.Build.0 = Release|Any CPU
	EndGlobalSection
	GlobalSection(SolutionProperties) = preSolution
		HideSolutionNode = FALSE
	EndGlobalSection
	GlobalSection(ExtensibilityGlobals) = postSolution
		SolutionGuid = {C8C56FDA-752B-4C37-B07D-535C538D5686}
	EndGlobalSection
EndGlobal
