
Microsoft Visual Studio Solution File, Format Version 12.00
# Visual Studio Version 17
VisualStudioVersion = 17.3.32804.467
MinimumVisualStudioVersion = 10.0.40219.1
Project("{9A19103F-16F7-4668-BE54-9A1E7A4F7556}") = "BoostHumanResourcesProject", "BoostHumanResourcesProject\BoostHumanResourcesProject.csproj", "{9FFB7723-7044-4A39-B326-454CFFC0069A}"
EndProject
Project("{FAE04EC0-301F-11D3-BF4B-00C04F79EFBC}") = "BusinessLayer", "BusinessLayer\BusinessLayer.csproj", "{D86ACFAB-BB5C-4510-A978-51AA595939A0}"
EndProject
Project("{FAE04EC0-301F-11D3-BF4B-00C04F79EFBC}") = "DataAccessLayer", "DataAccessLayer\DataAccessLayer.csproj", "{1CEE2DB7-3702-4BDB-B0A8-115D21693752}"
EndProject
Project("{FAE04EC0-301F-11D3-BF4B-00C04F79EFBC}") = "EntityLayer", "EntityLayer\EntityLayer.csproj", "{26D074D0-0DCB-42A6-8A13-EE3F1F6B4D04}"
EndProject
Global
	GlobalSection(SolutionConfigurationPlatforms) = preSolution
		Debug|Any CPU = Debug|Any CPU
		Release|Any CPU = Release|Any CPU
	EndGlobalSection
	GlobalSection(ProjectConfigurationPlatforms) = postSolution
		{9FFB7723-7044-4A39-B326-454CFFC0069A}.Debug|Any CPU.ActiveCfg = Debug|Any CPU
		{9FFB7723-7044-4A39-B326-454CFFC0069A}.Debug|Any CPU.Build.0 = Debug|Any CPU
		{9FFB7723-7044-4A39-B326-454CFFC0069A}.Release|Any CPU.ActiveCfg = Release|Any CPU
		{9FFB7723-7044-4A39-B326-454CFFC0069A}.Release|Any CPU.Build.0 = Release|Any CPU
		{D86ACFAB-BB5C-4510-A978-51AA595939A0}.Debug|Any CPU.ActiveCfg = Debug|Any CPU
		{D86ACFAB-BB5C-4510-A978-51AA595939A0}.Debug|Any CPU.Build.0 = Debug|Any CPU
		{D86ACFAB-BB5C-4510-A978-51AA595939A0}.Release|Any CPU.ActiveCfg = Release|Any CPU
		{D86ACFAB-BB5C-4510-A978-51AA595939A0}.Release|Any CPU.Build.0 = Release|Any CPU
		{1CEE2DB7-3702-4BDB-B0A8-115D21693752}.Debug|Any CPU.ActiveCfg = Debug|Any CPU
		{1CEE2DB7-3702-4BDB-B0A8-115D21693752}.Debug|Any CPU.Build.0 = Debug|Any CPU
		{1CEE2DB7-3702-4BDB-B0A8-115D21693752}.Release|Any CPU.ActiveCfg = Release|Any CPU
		{1CEE2DB7-3702-4BDB-B0A8-115D21693752}.Release|Any CPU.Build.0 = Release|Any CPU
		{26D074D0-0DCB-42A6-8A13-EE3F1F6B4D04}.Debug|Any CPU.ActiveCfg = Debug|Any CPU
		{26D074D0-0DCB-42A6-8A13-EE3F1F6B4D04}.Debug|Any CPU.Build.0 = Debug|Any CPU
		{26D074D0-0DCB-42A6-8A13-EE3F1F6B4D04}.Release|Any CPU.ActiveCfg = Release|Any CPU
		{26D074D0-0DCB-42A6-8A13-EE3F1F6B4D04}.Release|Any CPU.Build.0 = Release|Any CPU
	EndGlobalSection
	GlobalSection(SolutionProperties) = preSolution
		HideSolutionNode = FALSE
	EndGlobalSection
	GlobalSection(ExtensibilityGlobals) = postSolution
		SolutionGuid = {C8C56FDA-752B-4C37-B07D-535C538D5686}
	EndGlobalSection
EndGlobal
